
Microsoft Visual Studio Solution File, Format Version 12.00
# Visual Studio Version 17
VisualStudioVersion = 17.14.36408.4
MinimumVisualStudioVersion = 10.0.40219.1
Project("{FAE04EC0-301F-11D3-BF4B-00C04F79EFBC}") = "RestautantMvc", "RestautantMvc.csproj", "{118BC41C-D3EA-44FE-8BDC-FBB441120934}"
EndProject
Global
	GlobalSection(SolutionConfigurationPlatforms) = preSolution
		Debug|Any CPU = Debug|Any CPU
		Release|Any CPU = Release|Any CPU
	EndGlobalSection
	GlobalSection(ProjectConfigurationPlatforms) = postSolution
		{118BC41C-D3EA-44FE-8BDC-FBB441120934}.Debug|Any CPU.ActiveCfg = Debug|Any CPU
		{118BC41C-D3EA-44FE-8BDC-FBB441120934}.Debug|Any CPU.Build.0 = Debug|Any CPU
		{118BC41C-D3EA-44FE-8BDC-FBB441120934}.Release|Any CPU.ActiveCfg = Release|Any CPU
		{118BC41C-D3EA-44FE-8BDC-FBB441120934}.Release|Any CPU.Build.0 = Release|Any CPU
	EndGlobalSection
	GlobalSection(SolutionProperties) = preSolution
		HideSolutionNode = FALSE
	EndGlobalSection
	GlobalSection(ExtensibilityGlobals) = postSolution
		SolutionGuid = {A52E756A-46C9-4A33-8593-CEB94B2491A2}
	EndGlobalSection
EndGlobal
